// !$*UTF8*$!
{
	archiveVersion = 1;
	classes = {
	};
	objectVersion = 50;
	objects = {

/* Begin PBXBuildFile section */
		76082CCD22585E320057713E /* ViewController_19.m in Sources */ = {isa = PBXBuildFile; fileRef = 76082CCC22585E320057713E /* ViewController_19.m */; };
		76082CD0225860EB0057713E /* ViewController_20.m in Sources */ = {isa = PBXBuildFile; fileRef = 76082CCF225860EB0057713E /* ViewController_20.m */; };
		7643201322535E5B00760A6E /* AppDelegate.m in Sources */ = {isa = PBXBuildFile; fileRef = 7643201222535E5B00760A6E /* AppDelegate.m */; };
		7643201622535E5B00760A6E /* ViewController.m in Sources */ = {isa = PBXBuildFile; fileRef = 7643201522535E5B00760A6E /* ViewController.m */; };
		7643201922535E5B00760A6E /* Main.storyboard in Resources */ = {isa = PBXBuildFile; fileRef = 7643201722535E5B00760A6E /* Main.storyboard */; };
		7643201B22535E5D00760A6E /* Assets.xcassets in Resources */ = {isa = PBXBuildFile; fileRef = 7643201A22535E5D00760A6E /* Assets.xcassets */; };
		7643201E22535E5D00760A6E /* LaunchScreen.storyboard in Resources */ = {isa = PBXBuildFile; fileRef = 7643201C22535E5D00760A6E /* LaunchScreen.storyboard */; };
		7643202122535E5D00760A6E /* main.m in Sources */ = {isa = PBXBuildFile; fileRef = 7643202022535E5D00760A6E /* main.m */; };
		7643202B2253674500760A6E /* ViewController_1.m in Sources */ = {isa = PBXBuildFile; fileRef = 7643202A2253674500760A6E /* ViewController_1.m */; };
		7643202E2253678D00760A6E /* BaseViewController.m in Sources */ = {isa = PBXBuildFile; fileRef = 7643202D2253678D00760A6E /* BaseViewController.m */; };
		764320342254401700760A6E /* ViewController_2.m in Sources */ = {isa = PBXBuildFile; fileRef = 764320332254401700760A6E /* ViewController_2.m */; };
		764320372254B91300760A6E /* ViewController_3.m in Sources */ = {isa = PBXBuildFile; fileRef = 764320362254B91300760A6E /* ViewController_3.m */; };
		7643203A2255A42200760A6E /* ViewController_4.m in Sources */ = {isa = PBXBuildFile; fileRef = 764320392255A42200760A6E /* ViewController_4.m */; };
		7643203D2255F4DA00760A6E /* ViewController_5.m in Sources */ = {isa = PBXBuildFile; fileRef = 7643203C2255F4DA00760A6E /* ViewController_5.m */; };
		764320402255F8BB00760A6E /* ViewController_6.m in Sources */ = {isa = PBXBuildFile; fileRef = 7643203F2255F8BB00760A6E /* ViewController_6.m */; };
		764320432256013900760A6E /* ViewController_7.m in Sources */ = {isa = PBXBuildFile; fileRef = 764320422256013900760A6E /* ViewController_7.m */; };
		76830C882256ED7400CC4924 /* ViewController_8.m in Sources */ = {isa = PBXBuildFile; fileRef = 76830C872256ED7300CC4924 /* ViewController_8.m */; };
		76830C8B2256EED800CC4924 /* YDBaseDemo.m in Sources */ = {isa = PBXBuildFile; fileRef = 76830C8A2256EED800CC4924 /* YDBaseDemo.m */; };
		76830C8E2256F00000CC4924 /* OSUnfairLockDemo.m in Sources */ = {isa = PBXBuildFile; fileRef = 76830C8D2256F00000CC4924 /* OSUnfairLockDemo.m */; };
		76830C912256F39600CC4924 /* ViewController_9.m in Sources */ = {isa = PBXBuildFile; fileRef = 76830C902256F39600CC4924 /* ViewController_9.m */; };
		76830C942256F44100CC4924 /* MutexDemo.m in Sources */ = {isa = PBXBuildFile; fileRef = 76830C932256F44100CC4924 /* MutexDemo.m */; };
		76830C972257025600CC4924 /* ViewController_10.m in Sources */ = {isa = PBXBuildFile; fileRef = 76830C962257025600CC4924 /* ViewController_10.m */; };
		76830C9A225702C900CC4924 /* MutexDemo2.m in Sources */ = {isa = PBXBuildFile; fileRef = 76830C99225702C900CC4924 /* MutexDemo2.m */; };
		76830C9D2257224000CC4924 /* ViewController_11.m in Sources */ = {isa = PBXBuildFile; fileRef = 76830C9C2257224000CC4924 /* ViewController_11.m */; };
		76830CA0225722A100CC4924 /* MutexDemo3.m in Sources */ = {isa = PBXBuildFile; fileRef = 76830C9F225722A100CC4924 /* MutexDemo3.m */; };
		76830CA32257284D00CC4924 /* ViewController_12.m in Sources */ = {isa = PBXBuildFile; fileRef = 76830CA22257284D00CC4924 /* ViewController_12.m */; };
		76830CA6225728C500CC4924 /* NSLockDemo.m in Sources */ = {isa = PBXBuildFile; fileRef = 76830CA5225728C500CC4924 /* NSLockDemo.m */; };
		76830CA922572ADF00CC4924 /* ViewController_13.m in Sources */ = {isa = PBXBuildFile; fileRef = 76830CA822572ADF00CC4924 /* ViewController_13.m */; };
		76830CAC22572B3A00CC4924 /* NSConditionDemo.m in Sources */ = {isa = PBXBuildFile; fileRef = 76830CAB22572B3A00CC4924 /* NSConditionDemo.m */; };
		76830CAF2257478100CC4924 /* ViewController_14.m in Sources */ = {isa = PBXBuildFile; fileRef = 76830CAE2257478100CC4924 /* ViewController_14.m */; };
		76830CB2225747DB00CC4924 /* NSConditionLockDemo.m in Sources */ = {isa = PBXBuildFile; fileRef = 76830CB1225747DB00CC4924 /* NSConditionLockDemo.m */; };
		76830CB522574AB600CC4924 /* ViewController_15.m in Sources */ = {isa = PBXBuildFile; fileRef = 76830CB422574AB600CC4924 /* ViewController_15.m */; };
		76830CB822574B0800CC4924 /* SerialQueueDemo.m in Sources */ = {isa = PBXBuildFile; fileRef = 76830CB722574B0800CC4924 /* SerialQueueDemo.m */; };
		76830CBB22579E6800CC4924 /* ViewController_16.m in Sources */ = {isa = PBXBuildFile; fileRef = 76830CBA22579E6800CC4924 /* ViewController_16.m */; };
		76830CBE22579E7800CC4924 /* SemaphoreDemo.m in Sources */ = {isa = PBXBuildFile; fileRef = 76830CBD22579E7800CC4924 /* SemaphoreDemo.m */; };
		76830CC12257A71200CC4924 /* ViewController_17.m in Sources */ = {isa = PBXBuildFile; fileRef = 76830CC02257A71200CC4924 /* ViewController_17.m */; };
		76830CC42257A72300CC4924 /* SynchronizedDemo.m in Sources */ = {isa = PBXBuildFile; fileRef = 76830CC32257A72300CC4924 /* SynchronizedDemo.m */; };
		76830CC722584F1200CC4924 /* ViewController_18.m in Sources */ = {isa = PBXBuildFile; fileRef = 76830CC622584F1200CC4924 /* ViewController_18.m */; };
/* End PBXBuildFile section */

/* Begin PBXFileReference section */
		76082CCB22585E320057713E /* ViewController_19.h */ = {isa = PBXFileReference; lastKnownFileType = sourcecode.c.h; path = ViewController_19.h; sourceTree = "<group>"; };
		76082CCC22585E320057713E /* ViewController_19.m */ = {isa = PBXFileReference; lastKnownFileType = sourcecode.c.objc; path = ViewController_19.m; sourceTree = "<group>"; };
		76082CCE225860EB0057713E /* ViewController_20.h */ = {isa = PBXFileReference; lastKnownFileType = sourcecode.c.h; path = ViewController_20.h; sourceTree = "<group>"; };
		76082CCF225860EB0057713E /* ViewController_20.m */ = {isa = PBXFileReference; lastKnownFileType = sourcecode.c.objc; path = ViewController_20.m; sourceTree = "<group>"; };
		7643200E22535E5B00760A6E /* Multithreading.app */ = {isa = PBXFileReference; explicitFileType = wrapper.application; includeInIndex = 0; path = Multithreading.app; sourceTree = BUILT_PRODUCTS_DIR; };
		7643201122535E5B00760A6E /* AppDelegate.h */ = {isa = PBXFileReference; lastKnownFileType = sourcecode.c.h; path = AppDelegate.h; sourceTree = "<group>"; };
		7643201222535E5B00760A6E /* AppDelegate.m */ = {isa = PBXFileReference; lastKnownFileType = sourcecode.c.objc; path = AppDelegate.m; sourceTree = "<group>"; };
		7643201422535E5B00760A6E /* ViewController.h */ = {isa = PBXFileReference; lastKnownFileType = sourcecode.c.h; path = ViewController.h; sourceTree = "<group>"; };
		7643201522535E5B00760A6E /* ViewController.m */ = {isa = PBXFileReference; lastKnownFileType = sourcecode.c.objc; path = ViewController.m; sourceTree = "<group>"; };
		7643201822535E5B00760A6E /* Base */ = {isa = PBXFileReference; lastKnownFileType = file.storyboard; name = Base; path = Base.lproj/Main.storyboard; sourceTree = "<group>"; };
		7643201A22535E5D00760A6E /* Assets.xcassets */ = {isa = PBXFileReference; lastKnownFileType = folder.assetcatalog; path = Assets.xcassets; sourceTree = "<group>"; };
		7643201D22535E5D00760A6E /* Base */ = {isa = PBXFileReference; lastKnownFileType = file.storyboard; name = Base; path = Base.lproj/LaunchScreen.storyboard; sourceTree = "<group>"; };
		7643201F22535E5D00760A6E /* Info.plist */ = {isa = PBXFileReference; lastKnownFileType = text.plist.xml; path = Info.plist; sourceTree = "<group>"; };
		7643202022535E5D00760A6E /* main.m */ = {isa = PBXFileReference; lastKnownFileType = sourcecode.c.objc; path = main.m; sourceTree = "<group>"; };
		764320272253657D00760A6E /* ViewController_1.h */ = {isa = PBXFileReference; lastKnownFileType = sourcecode.c.h; path = ViewController_1.h; sourceTree = "<group>"; };
		7643202A2253674500760A6E /* ViewController_1.m */ = {isa = PBXFileReference; fileEncoding = 4; lastKnownFileType = sourcecode.c.objc; path = ViewController_1.m; sourceTree = "<group>"; };
		7643202C2253678D00760A6E /* BaseViewController.h */ = {isa = PBXFileReference; lastKnownFileType = sourcecode.c.h; path = BaseViewController.h; sourceTree = "<group>"; };
		7643202D2253678D00760A6E /* BaseViewController.m */ = {isa = PBXFileReference; lastKnownFileType = sourcecode.c.objc; path = BaseViewController.m; sourceTree = "<group>"; };
		764320322254401700760A6E /* ViewController_2.h */ = {isa = PBXFileReference; lastKnownFileType = sourcecode.c.h; path = ViewController_2.h; sourceTree = "<group>"; };
		764320332254401700760A6E /* ViewController_2.m */ = {isa = PBXFileReference; lastKnownFileType = sourcecode.c.objc; path = ViewController_2.m; sourceTree = "<group>"; };
		764320352254B91300760A6E /* ViewController_3.h */ = {isa = PBXFileReference; lastKnownFileType = sourcecode.c.h; path = ViewController_3.h; sourceTree = "<group>"; };
		764320362254B91300760A6E /* ViewController_3.m */ = {isa = PBXFileReference; lastKnownFileType = sourcecode.c.objc; path = ViewController_3.m; sourceTree = "<group>"; };
		764320382255A42200760A6E /* ViewController_4.h */ = {isa = PBXFileReference; lastKnownFileType = sourcecode.c.h; path = ViewController_4.h; sourceTree = "<group>"; };
		764320392255A42200760A6E /* ViewController_4.m */ = {isa = PBXFileReference; lastKnownFileType = sourcecode.c.objc; path = ViewController_4.m; sourceTree = "<group>"; };
		7643203B2255F4DA00760A6E /* ViewController_5.h */ = {isa = PBXFileReference; lastKnownFileType = sourcecode.c.h; path = ViewController_5.h; sourceTree = "<group>"; };
		7643203C2255F4DA00760A6E /* ViewController_5.m */ = {isa = PBXFileReference; lastKnownFileType = sourcecode.c.objc; path = ViewController_5.m; sourceTree = "<group>"; };
		7643203E2255F8BB00760A6E /* ViewController_6.h */ = {isa = PBXFileReference; lastKnownFileType = sourcecode.c.h; path = ViewController_6.h; sourceTree = "<group>"; };
		7643203F2255F8BB00760A6E /* ViewController_6.m */ = {isa = PBXFileReference; lastKnownFileType = sourcecode.c.objc; path = ViewController_6.m; sourceTree = "<group>"; };
		764320412256013900760A6E /* ViewController_7.h */ = {isa = PBXFileReference; lastKnownFileType = sourcecode.c.h; path = ViewController_7.h; sourceTree = "<group>"; };
		764320422256013900760A6E /* ViewController_7.m */ = {isa = PBXFileReference; lastKnownFileType = sourcecode.c.objc; path = ViewController_7.m; sourceTree = "<group>"; };
		76830C862256ED7300CC4924 /* ViewController_8.h */ = {isa = PBXFileReference; lastKnownFileType = sourcecode.c.h; path = ViewController_8.h; sourceTree = "<group>"; };
		76830C872256ED7300CC4924 /* ViewController_8.m */ = {isa = PBXFileReference; lastKnownFileType = sourcecode.c.objc; path = ViewController_8.m; sourceTree = "<group>"; };
		76830C892256EED800CC4924 /* YDBaseDemo.h */ = {isa = PBXFileReference; lastKnownFileType = sourcecode.c.h; path = YDBaseDemo.h; sourceTree = "<group>"; };
		76830C8A2256EED800CC4924 /* YDBaseDemo.m */ = {isa = PBXFileReference; lastKnownFileType = sourcecode.c.objc; path = YDBaseDemo.m; sourceTree = "<group>"; };
		76830C8C2256F00000CC4924 /* OSUnfairLockDemo.h */ = {isa = PBXFileReference; lastKnownFileType = sourcecode.c.h; path = OSUnfairLockDemo.h; sourceTree = "<group>"; };
		76830C8D2256F00000CC4924 /* OSUnfairLockDemo.m */ = {isa = PBXFileReference; lastKnownFileType = sourcecode.c.objc; path = OSUnfairLockDemo.m; sourceTree = "<group>"; };
		76830C8F2256F39600CC4924 /* ViewController_9.h */ = {isa = PBXFileReference; lastKnownFileType = sourcecode.c.h; path = ViewController_9.h; sourceTree = "<group>"; };
		76830C902256F39600CC4924 /* ViewController_9.m */ = {isa = PBXFileReference; lastKnownFileType = sourcecode.c.objc; path = ViewController_9.m; sourceTree = "<group>"; };
		76830C922256F44100CC4924 /* MutexDemo.h */ = {isa = PBXFileReference; lastKnownFileType = sourcecode.c.h; path = MutexDemo.h; sourceTree = "<group>"; };
		76830C932256F44100CC4924 /* MutexDemo.m */ = {isa = PBXFileReference; lastKnownFileType = sourcecode.c.objc; path = MutexDemo.m; sourceTree = "<group>"; };
		76830C952257025600CC4924 /* ViewController_10.h */ = {isa = PBXFileReference; lastKnownFileType = sourcecode.c.h; path = ViewController_10.h; sourceTree = "<group>"; };
		76830C962257025600CC4924 /* ViewController_10.m */ = {isa = PBXFileReference; lastKnownFileType = sourcecode.c.objc; path = ViewController_10.m; sourceTree = "<group>"; };
		76830C98225702C900CC4924 /* MutexDemo2.h */ = {isa = PBXFileReference; lastKnownFileType = sourcecode.c.h; path = MutexDemo2.h; sourceTree = "<group>"; };
		76830C99225702C900CC4924 /* MutexDemo2.m */ = {isa = PBXFileReference; lastKnownFileType = sourcecode.c.objc; path = MutexDemo2.m; sourceTree = "<group>"; };
		76830C9B2257224000CC4924 /* ViewController_11.h */ = {isa = PBXFileReference; lastKnownFileType = sourcecode.c.h; path = ViewController_11.h; sourceTree = "<group>"; };
		76830C9C2257224000CC4924 /* ViewController_11.m */ = {isa = PBXFileReference; lastKnownFileType = sourcecode.c.objc; path = ViewController_11.m; sourceTree = "<group>"; };
		76830C9E225722A100CC4924 /* MutexDemo3.h */ = {isa = PBXFileReference; lastKnownFileType = sourcecode.c.h; path = MutexDemo3.h; sourceTree = "<group>"; };
		76830C9F225722A100CC4924 /* MutexDemo3.m */ = {isa = PBXFileReference; lastKnownFileType = sourcecode.c.objc; path = MutexDemo3.m; sourceTree = "<group>"; };
		76830CA12257284D00CC4924 /* ViewController_12.h */ = {isa = PBXFileReference; lastKnownFileType = sourcecode.c.h; path = ViewController_12.h; sourceTree = "<group>"; };
		76830CA22257284D00CC4924 /* ViewController_12.m */ = {isa = PBXFileReference; lastKnownFileType = sourcecode.c.objc; path = ViewController_12.m; sourceTree = "<group>"; };
		76830CA4225728C500CC4924 /* NSLockDemo.h */ = {isa = PBXFileReference; lastKnownFileType = sourcecode.c.h; path = NSLockDemo.h; sourceTree = "<group>"; };
		76830CA5225728C500CC4924 /* NSLockDemo.m */ = {isa = PBXFileReference; lastKnownFileType = sourcecode.c.objc; path = NSLockDemo.m; sourceTree = "<group>"; };
		76830CA722572ADF00CC4924 /* ViewController_13.h */ = {isa = PBXFileReference; lastKnownFileType = sourcecode.c.h; path = ViewController_13.h; sourceTree = "<group>"; };
		76830CA822572ADF00CC4924 /* ViewController_13.m */ = {isa = PBXFileReference; lastKnownFileType = sourcecode.c.objc; path = ViewController_13.m; sourceTree = "<group>"; };
		76830CAA22572B3A00CC4924 /* NSConditionDemo.h */ = {isa = PBXFileReference; lastKnownFileType = sourcecode.c.h; path = NSConditionDemo.h; sourceTree = "<group>"; };
		76830CAB22572B3A00CC4924 /* NSConditionDemo.m */ = {isa = PBXFileReference; lastKnownFileType = sourcecode.c.objc; path = NSConditionDemo.m; sourceTree = "<group>"; };
		76830CAD2257478100CC4924 /* ViewController_14.h */ = {isa = PBXFileReference; lastKnownFileType = sourcecode.c.h; path = ViewController_14.h; sourceTree = "<group>"; };
		76830CAE2257478100CC4924 /* ViewController_14.m */ = {isa = PBXFileReference; lastKnownFileType = sourcecode.c.objc; path = ViewController_14.m; sourceTree = "<group>"; };
		76830CB0225747DB00CC4924 /* NSConditionLockDemo.h */ = {isa = PBXFileReference; lastKnownFileType = sourcecode.c.h; path = NSConditionLockDemo.h; sourceTree = "<group>"; };
		76830CB1225747DB00CC4924 /* NSConditionLockDemo.m */ = {isa = PBXFileReference; lastKnownFileType = sourcecode.c.objc; path = NSConditionLockDemo.m; sourceTree = "<group>"; };
		76830CB322574AB600CC4924 /* ViewController_15.h */ = {isa = PBXFileReference; lastKnownFileType = sourcecode.c.h; path = ViewController_15.h; sourceTree = "<group>"; };
		76830CB422574AB600CC4924 /* ViewController_15.m */ = {isa = PBXFileReference; lastKnownFileType = sourcecode.c.objc; path = ViewController_15.m; sourceTree = "<group>"; };
		76830CB622574B0800CC4924 /* SerialQueueDemo.h */ = {isa = PBXFileReference; lastKnownFileType = sourcecode.c.h; path = SerialQueueDemo.h; sourceTree = "<group>"; };
		76830CB722574B0800CC4924 /* SerialQueueDemo.m */ = {isa = PBXFileReference; lastKnownFileType = sourcecode.c.objc; path = SerialQueueDemo.m; sourceTree = "<group>"; };
		76830CB922579E6800CC4924 /* ViewController_16.h */ = {isa = PBXFileReference; lastKnownFileType = sourcecode.c.h; path = ViewController_16.h; sourceTree = "<group>"; };
		76830CBA22579E6800CC4924 /* ViewController_16.m */ = {isa = PBXFileReference; lastKnownFileType = sourcecode.c.objc; path = ViewController_16.m; sourceTree = "<group>"; };
		76830CBC22579E7800CC4924 /* SemaphoreDemo.h */ = {isa = PBXFileReference; lastKnownFileType = sourcecode.c.h; path = SemaphoreDemo.h; sourceTree = "<group>"; };
		76830CBD22579E7800CC4924 /* SemaphoreDemo.m */ = {isa = PBXFileReference; lastKnownFileType = sourcecode.c.objc; path = SemaphoreDemo.m; sourceTree = "<group>"; };
		76830CBF2257A71200CC4924 /* ViewController_17.h */ = {isa = PBXFileReference; lastKnownFileType = sourcecode.c.h; path = ViewController_17.h; sourceTree = "<group>"; };
		76830CC02257A71200CC4924 /* ViewController_17.m */ = {isa = PBXFileReference; lastKnownFileType = sourcecode.c.objc; path = ViewController_17.m; sourceTree = "<group>"; };
		76830CC22257A72300CC4924 /* SynchronizedDemo.h */ = {isa = PBXFileReference; lastKnownFileType = sourcecode.c.h; path = SynchronizedDemo.h; sourceTree = "<group>"; };
		76830CC32257A72300CC4924 /* SynchronizedDemo.m */ = {isa = PBXFileReference; lastKnownFileType = sourcecode.c.objc; path = SynchronizedDemo.m; sourceTree = "<group>"; };
		76830CC522584F1200CC4924 /* ViewController_18.h */ = {isa = PBXFileReference; lastKnownFileType = sourcecode.c.h; path = ViewController_18.h; sourceTree = "<group>"; };
		76830CC622584F1200CC4924 /* ViewController_18.m */ = {isa = PBXFileReference; lastKnownFileType = sourcecode.c.objc; path = ViewController_18.m; sourceTree = "<group>"; };
/* End PBXFileReference section */

/* Begin PBXFrameworksBuildPhase section */
		7643200B22535E5B00760A6E /* Frameworks */ = {
			isa = PBXFrameworksBuildPhase;
			buildActionMask = 2147483647;
			files = (
			);
			runOnlyForDeploymentPostprocessing = 0;
		};
/* End PBXFrameworksBuildPhase section */

/* Begin PBXGroup section */
		7643200522535E5B00760A6E = {
			isa = PBXGroup;
			children = (
				7643201022535E5B00760A6E /* Multithreading */,
				7643200F22535E5B00760A6E /* Products */,
			);
			sourceTree = "<group>";
		};
		7643200F22535E5B00760A6E /* Products */ = {
			isa = PBXGroup;
			children = (
				7643200E22535E5B00760A6E /* Multithreading.app */,
			);
			name = Products;
			sourceTree = "<group>";
		};
		7643201022535E5B00760A6E /* Multithreading */ = {
			isa = PBXGroup;
			children = (
				7643201122535E5B00760A6E /* AppDelegate.h */,
				7643201222535E5B00760A6E /* AppDelegate.m */,
				7643201422535E5B00760A6E /* ViewController.h */,
				7643201522535E5B00760A6E /* ViewController.m */,
				7643201722535E5B00760A6E /* Main.storyboard */,
				7643201A22535E5D00760A6E /* Assets.xcassets */,
				7643201C22535E5D00760A6E /* LaunchScreen.storyboard */,
				7643201F22535E5D00760A6E /* Info.plist */,
				7643202022535E5D00760A6E /* main.m */,
				7643202C2253678D00760A6E /* BaseViewController.h */,
				7643202D2253678D00760A6E /* BaseViewController.m */,
				764320272253657D00760A6E /* ViewController_1.h */,
				7643202A2253674500760A6E /* ViewController_1.m */,
				764320322254401700760A6E /* ViewController_2.h */,
				764320332254401700760A6E /* ViewController_2.m */,
				764320352254B91300760A6E /* ViewController_3.h */,
				764320362254B91300760A6E /* ViewController_3.m */,
				764320382255A42200760A6E /* ViewController_4.h */,
				764320392255A42200760A6E /* ViewController_4.m */,
				7643203B2255F4DA00760A6E /* ViewController_5.h */,
				7643203C2255F4DA00760A6E /* ViewController_5.m */,
				7643203E2255F8BB00760A6E /* ViewController_6.h */,
				7643203F2255F8BB00760A6E /* ViewController_6.m */,
				764320412256013900760A6E /* ViewController_7.h */,
				764320422256013900760A6E /* ViewController_7.m */,
				76830C862256ED7300CC4924 /* ViewController_8.h */,
				76830C872256ED7300CC4924 /* ViewController_8.m */,
				76830C8F2256F39600CC4924 /* ViewController_9.h */,
				76830C902256F39600CC4924 /* ViewController_9.m */,
				76830C952257025600CC4924 /* ViewController_10.h */,
				76830C962257025600CC4924 /* ViewController_10.m */,
				76830C9B2257224000CC4924 /* ViewController_11.h */,
				76830C9C2257224000CC4924 /* ViewController_11.m */,
				76830CA12257284D00CC4924 /* ViewController_12.h */,
				76830CA22257284D00CC4924 /* ViewController_12.m */,
				76830CA722572ADF00CC4924 /* ViewController_13.h */,
				76830CA822572ADF00CC4924 /* ViewController_13.m */,
				76830CAD2257478100CC4924 /* ViewController_14.h */,
				76830CAE2257478100CC4924 /* ViewController_14.m */,
				76830CB322574AB600CC4924 /* ViewController_15.h */,
				76830CB422574AB600CC4924 /* ViewController_15.m */,
				76830CB922579E6800CC4924 /* ViewController_16.h */,
				76830CBA22579E6800CC4924 /* ViewController_16.m */,
				76830CBF2257A71200CC4924 /* ViewController_17.h */,
				76830CC02257A71200CC4924 /* ViewController_17.m */,
				76830CC522584F1200CC4924 /* ViewController_18.h */,
				76830CC622584F1200CC4924 /* ViewController_18.m */,
				76082CCB22585E320057713E /* ViewController_19.h */,
				76082CCC22585E320057713E /* ViewController_19.m */,
				76082CCE225860EB0057713E /* ViewController_20.h */,
				76082CCF225860EB0057713E /* ViewController_20.m */,
				76830C892256EED800CC4924 /* YDBaseDemo.h */,
				76830C8A2256EED800CC4924 /* YDBaseDemo.m */,
				76830C8C2256F00000CC4924 /* OSUnfairLockDemo.h */,
				76830C8D2256F00000CC4924 /* OSUnfairLockDemo.m */,
				76830C922256F44100CC4924 /* MutexDemo.h */,
				76830C932256F44100CC4924 /* MutexDemo.m */,
				76830C98225702C900CC4924 /* MutexDemo2.h */,
				76830C99225702C900CC4924 /* MutexDemo2.m */,
				76830C9E225722A100CC4924 /* MutexDemo3.h */,
				76830C9F225722A100CC4924 /* MutexDemo3.m */,
				76830CA4225728C500CC4924 /* NSLockDemo.h */,
				76830CA5225728C500CC4924 /* NSLockDemo.m */,
				76830CAA22572B3A00CC4924 /* NSConditionDemo.h */,
				76830CAB22572B3A00CC4924 /* NSConditionDemo.m */,
				76830CB0225747DB00CC4924 /* NSConditionLockDemo.h */,
				76830CB1225747DB00CC4924 /* NSConditionLockDemo.m */,
				76830CB622574B0800CC4924 /* SerialQueueDemo.h */,
				76830CB722574B0800CC4924 /* SerialQueueDemo.m */,
				76830CBC22579E7800CC4924 /* SemaphoreDemo.h */,
				76830CBD22579E7800CC4924 /* SemaphoreDemo.m */,
				76830CC22257A72300CC4924 /* SynchronizedDemo.h */,
				76830CC32257A72300CC4924 /* SynchronizedDemo.m */,
			);
			path = Multithreading;
			sourceTree = "<group>";
		};
/* End PBXGroup section */

/* Begin PBXNativeTarget section */
		7643200D22535E5B00760A6E /* Multithreading */ = {
			isa = PBXNativeTarget;
			buildConfigurationList = 7643202422535E5D00760A6E /* Build configuration list for PBXNativeTarget "Multithreading" */;
			buildPhases = (
				7643200A22535E5B00760A6E /* Sources */,
				7643200B22535E5B00760A6E /* Frameworks */,
				7643200C22535E5B00760A6E /* Resources */,
			);
			buildRules = (
			);
			dependencies = (
			);
			name = Multithreading;
			productName = Multithreading;
			productReference = 7643200E22535E5B00760A6E /* Multithreading.app */;
			productType = "com.apple.product-type.application";
		};
/* End PBXNativeTarget section */

/* Begin PBXProject section */
		7643200622535E5B00760A6E /* Project object */ = {
			isa = PBXProject;
			attributes = {
				LastUpgradeCheck = 1010;
				ORGANIZATIONNAME = smile;
				TargetAttributes = {
					7643200D22535E5B00760A6E = {
						CreatedOnToolsVersion = 10.1;
					};
				};
			};
			buildConfigurationList = 7643200922535E5B00760A6E /* Build configuration list for PBXProject "Multithreading" */;
			compatibilityVersion = "Xcode 9.3";
			developmentRegion = en;
			hasScannedForEncodings = 0;
			knownRegions = (
				en,
				Base,
			);
			mainGroup = 7643200522535E5B00760A6E;
			productRefGroup = 7643200F22535E5B00760A6E /* Products */;
			projectDirPath = "";
			projectRoot = "";
			targets = (
				7643200D22535E5B00760A6E /* Multithreading */,
			);
		};
/* End PBXProject section */

/* Begin PBXResourcesBuildPhase section */
		7643200C22535E5B00760A6E /* Resources */ = {
			isa = PBXResourcesBuildPhase;
			buildActionMask = 2147483647;
			files = (
				7643201E22535E5D00760A6E /* LaunchScreen.storyboard in Resources */,
				7643201B22535E5D00760A6E /* Assets.xcassets in Resources */,
				7643201922535E5B00760A6E /* Main.storyboard in Resources */,
			);
			runOnlyForDeploymentPostprocessing = 0;
		};
/* End PBXResourcesBuildPhase section */

/* Begin PBXSourcesBuildPhase section */
		7643200A22535E5B00760A6E /* Sources */ = {
			isa = PBXSourcesBuildPhase;
			buildActionMask = 2147483647;
			files = (
				76830C8E2256F00000CC4924 /* OSUnfairLockDemo.m in Sources */,
				764320372254B91300760A6E /* ViewController_3.m in Sources */,
				76830CC12257A71200CC4924 /* ViewController_17.m in Sources */,
				76830CBB22579E6800CC4924 /* ViewController_16.m in Sources */,
				7643202B2253674500760A6E /* ViewController_1.m in Sources */,
				76830CA32257284D00CC4924 /* ViewController_12.m in Sources */,
				76830C9A225702C900CC4924 /* MutexDemo2.m in Sources */,
				7643202E2253678D00760A6E /* BaseViewController.m in Sources */,
				76830CBE22579E7800CC4924 /* SemaphoreDemo.m in Sources */,
				76830CC722584F1200CC4924 /* ViewController_18.m in Sources */,
				7643201622535E5B00760A6E /* ViewController.m in Sources */,
				76830C9D2257224000CC4924 /* ViewController_11.m in Sources */,
				764320432256013900760A6E /* ViewController_7.m in Sources */,
				76830CA922572ADF00CC4924 /* ViewController_13.m in Sources */,
				7643202122535E5D00760A6E /* main.m in Sources */,
				76830CA6225728C500CC4924 /* NSLockDemo.m in Sources */,
				764320402255F8BB00760A6E /* ViewController_6.m in Sources */,
				76830CA0225722A100CC4924 /* MutexDemo3.m in Sources */,
				76082CD0225860EB0057713E /* ViewController_20.m in Sources */,
				76830CB822574B0800CC4924 /* SerialQueueDemo.m in Sources */,
				76830CC42257A72300CC4924 /* SynchronizedDemo.m in Sources */,
				76830CB2225747DB00CC4924 /* NSConditionLockDemo.m in Sources */,
				7643201322535E5B00760A6E /* AppDelegate.m in Sources */,
				76830CAF2257478100CC4924 /* ViewController_14.m in Sources */,
				764320342254401700760A6E /* ViewController_2.m in Sources */,
				76830C912256F39600CC4924 /* ViewController_9.m in Sources */,
				76830CAC22572B3A00CC4924 /* NSConditionDemo.m in Sources */,
				7643203A2255A42200760A6E /* ViewController_4.m in Sources */,
				7643203D2255F4DA00760A6E /* ViewController_5.m in Sources */,
				76830C882256ED7400CC4924 /* ViewController_8.m in Sources */,
				76830C972257025600CC4924 /* ViewController_10.m in Sources */,
				76830CB522574AB600CC4924 /* ViewController_15.m in Sources */,
				76830C942256F44100CC4924 /* MutexDemo.m in Sources */,
				76082CCD22585E320057713E /* ViewController_19.m in Sources */,
				76830C8B2256EED800CC4924 /* YDBaseDemo.m in Sources */,
			);
			runOnlyForDeploymentPostprocessing = 0;
		};
/* End PBXSourcesBuildPhase section */

/* Begin PBXVariantGroup section */
		7643201722535E5B00760A6E /* Main.storyboard */ = {
			isa = PBXVariantGroup;
			children = (
				7643201822535E5B00760A6E /* Base */,
			);
			name = Main.storyboard;
			sourceTree = "<group>";
		};
		7643201C22535E5D00760A6E /* LaunchScreen.storyboard */ = {
			isa = PBXVariantGroup;
			children = (
				7643201D22535E5D00760A6E /* Base */,
			);
			name = LaunchScreen.storyboard;
			sourceTree = "<group>";
		};
/* End PBXVariantGroup section */

/* Begin XCBuildConfiguration section */
		7643202222535E5D00760A6E /* Debug */ = {
			isa = XCBuildConfiguration;
			buildSettings = {
				ALWAYS_SEARCH_USER_PATHS = NO;
				CLANG_ANALYZER_NONNULL = YES;
				CLANG_ANALYZER_NUMBER_OBJECT_CONVERSION = YES_AGGRESSIVE;
				CLANG_CXX_LANGUAGE_STANDARD = "gnu++14";
				CLANG_CXX_LIBRARY = "libc++";
				CLANG_ENABLE_MODULES = YES;
				CLANG_ENABLE_OBJC_ARC = YES;
				CLANG_ENABLE_OBJC_WEAK = YES;
				CLANG_WARN_BLOCK_CAPTURE_AUTORELEASING = YES;
				CLANG_WARN_BOOL_CONVERSION = YES;
				CLANG_WARN_COMMA = YES;
				CLANG_WARN_CONSTANT_CONVERSION = YES;
				CLANG_WARN_DEPRECATED_OBJC_IMPLEMENTATIONS = YES;
				CLANG_WARN_DIRECT_OBJC_ISA_USAGE = YES_ERROR;
				CLANG_WARN_DOCUMENTATION_COMMENTS = YES;
				CLANG_WARN_EMPTY_BODY = YES;
				CLANG_WARN_ENUM_CONVERSION = YES;
				CLANG_WARN_INFINITE_RECURSION = YES;
				CLANG_WARN_INT_CONVERSION = YES;
				CLANG_WARN_NON_LITERAL_NULL_CONVERSION = YES;
				CLANG_WARN_OBJC_IMPLICIT_RETAIN_SELF = YES;
				CLANG_WARN_OBJC_LITERAL_CONVERSION = YES;
				CLANG_WARN_OBJC_ROOT_CLASS = YES_ERROR;
				CLANG_WARN_RANGE_LOOP_ANALYSIS = YES;
				CLANG_WARN_STRICT_PROTOTYPES = YES;
				CLANG_WARN_SUSPICIOUS_MOVE = YES;
				CLANG_WARN_UNGUARDED_AVAILABILITY = YES_AGGRESSIVE;
				CLANG_WARN_UNREACHABLE_CODE = YES;
				CLANG_WARN__DUPLICATE_METHOD_MATCH = YES;
				CODE_SIGN_IDENTITY = "iPhone Developer";
				COPY_PHASE_STRIP = NO;
				DEBUG_INFORMATION_FORMAT = dwarf;
				ENABLE_STRICT_OBJC_MSGSEND = YES;
				ENABLE_TESTABILITY = YES;
				GCC_C_LANGUAGE_STANDARD = gnu11;
				GCC_DYNAMIC_NO_PIC = NO;
				GCC_NO_COMMON_BLOCKS = YES;
				GCC_OPTIMIZATION_LEVEL = 0;
				GCC_PREPROCESSOR_DEFINITIONS = (
					"DEBUG=1",
					"$(inherited)",
				);
				GCC_WARN_64_TO_32_BIT_CONVERSION = YES;
				GCC_WARN_ABOUT_RETURN_TYPE = YES_ERROR;
				GCC_WARN_UNDECLARED_SELECTOR = YES;
				GCC_WARN_UNINITIALIZED_AUTOS = YES_AGGRESSIVE;
				GCC_WARN_UNUSED_FUNCTION = YES;
				GCC_WARN_UNUSED_VARIABLE = YES;
				IPHONEOS_DEPLOYMENT_TARGET = 12.1;
				MTL_ENABLE_DEBUG_INFO = INCLUDE_SOURCE;
				MTL_FAST_MATH = YES;
				ONLY_ACTIVE_ARCH = YES;
				SDKROOT = iphoneos;
			};
			name = Debug;
		};
		7643202322535E5D00760A6E /* Release */ = {
			isa = XCBuildConfiguration;
			buildSettings = {
				ALWAYS_SEARCH_USER_PATHS = NO;
				CLANG_ANALYZER_NONNULL = YES;
				CLANG_ANALYZER_NUMBER_OBJECT_CONVERSION = YES_AGGRESSIVE;
				CLANG_CXX_LANGUAGE_STANDARD = "gnu++14";
				CLANG_CXX_LIBRARY = "libc++";
				CLANG_ENABLE_MODULES = YES;
				CLANG_ENABLE_OBJC_ARC = YES;
				CLANG_ENABLE_OBJC_WEAK = YES;
				CLANG_WARN_BLOCK_CAPTURE_AUTORELEASING = YES;
				CLANG_WARN_BOOL_CONVERSION = YES;
				CLANG_WARN_COMMA = YES;
				CLANG_WARN_CONSTANT_CONVERSION = YES;
				CLANG_WARN_DEPRECATED_OBJC_IMPLEMENTATIONS = YES;
				CLANG_WARN_DIRECT_OBJC_ISA_USAGE = YES_ERROR;
				CLANG_WARN_DOCUMENTATION_COMMENTS = YES;
				CLANG_WARN_EMPTY_BODY = YES;
				CLANG_WARN_ENUM_CONVERSION = YES;
				CLANG_WARN_INFINITE_RECURSION = YES;
				CLANG_WARN_INT_CONVERSION = YES;
				CLANG_WARN_NON_LITERAL_NULL_CONVERSION = YES;
				CLANG_WARN_OBJC_IMPLICIT_RETAIN_SELF = YES;
				CLANG_WARN_OBJC_LITERAL_CONVERSION = YES;
				CLANG_WARN_OBJC_ROOT_CLASS = YES_ERROR;
				CLANG_WARN_RANGE_LOOP_ANALYSIS = YES;
				CLANG_WARN_STRICT_PROTOTYPES = YES;
				CLANG_WARN_SUSPICIOUS_MOVE = YES;
				CLANG_WARN_UNGUARDED_AVAILABILITY = YES_AGGRESSIVE;
				CLANG_WARN_UNREACHABLE_CODE = YES;
				CLANG_WARN__DUPLICATE_METHOD_MATCH = YES;
				CODE_SIGN_IDENTITY = "iPhone Developer";
				COPY_PHASE_STRIP = NO;
				DEBUG_INFORMATION_FORMAT = "dwarf-with-dsym";
				ENABLE_NS_ASSERTIONS = NO;
				ENABLE_STRICT_OBJC_MSGSEND = YES;
				GCC_C_LANGUAGE_STANDARD = gnu11;
				GCC_NO_COMMON_BLOCKS = YES;
				GCC_WARN_64_TO_32_BIT_CONVERSION = YES;
				GCC_WARN_ABOUT_RETURN_TYPE = YES_ERROR;
				GCC_WARN_UNDECLARED_SELECTOR = YES;
				GCC_WARN_UNINITIALIZED_AUTOS = YES_AGGRESSIVE;
				GCC_WARN_UNUSED_FUNCTION = YES;
				GCC_WARN_UNUSED_VARIABLE = YES;
				IPHONEOS_DEPLOYMENT_TARGET = 12.1;
				MTL_ENABLE_DEBUG_INFO = NO;
				MTL_FAST_MATH = YES;
				SDKROOT = iphoneos;
				VALIDATE_PRODUCT = YES;
			};
			name = Release;
		};
		7643202522535E5D00760A6E /* Debug */ = {
			isa = XCBuildConfiguration;
			buildSettings = {
				ASSETCATALOG_COMPILER_APPICON_NAME = AppIcon;
				CODE_SIGN_STYLE = Automatic;
				INFOPLIST_FILE = Multithreading/Info.plist;
				LD_RUNPATH_SEARCH_PATHS = (
					"$(inherited)",
					"@executable_path/Frameworks",
				);
				PRODUCT_BUNDLE_IDENTIFIER = smile.Multithreading;
				PRODUCT_NAME = "$(TARGET_NAME)";
				TARGETED_DEVICE_FAMILY = "1,2";
			};
			name = Debug;
		};
		7643202622535E5D00760A6E /* Release */ = {
			isa = XCBuildConfiguration;
			buildSettings = {
				ASSETCATALOG_COMPILER_APPICON_NAME = AppIcon;
				CODE_SIGN_STYLE = Automatic;
				INFOPLIST_FILE = Multithreading/Info.plist;
				LD_RUNPATH_SEARCH_PATHS = (
					"$(inherited)",
					"@executable_path/Frameworks",
				);
				PRODUCT_BUNDLE_IDENTIFIER = smile.Multithreading;
				PRODUCT_NAME = "$(TARGET_NAME)";
				TARGETED_DEVICE_FAMILY = "1,2";
			};
			name = Release;
		};
/* End XCBuildConfiguration section */

/* Begin XCConfigurationList section */
		7643200922535E5B00760A6E /* Build configuration list for PBXProject "Multithreading" */ = {
			isa = XCConfigurationList;
			buildConfigurations = (
				7643202222535E5D00760A6E /* Debug */,
				7643202322535E5D00760A6E /* Release */,
			);
			defaultConfigurationIsVisible = 0;
			defaultConfigurationName = Release;
		};
		7643202422535E5D00760A6E /* Build configuration list for PBXNativeTarget "Multithreading" */ = {
			isa = XCConfigurationList;
			buildConfigurations = (
				7643202522535E5D00760A6E /* Debug */,
				7643202622535E5D00760A6E /* Release */,
			);
			defaultConfigurationIsVisible = 0;
			defaultConfigurationName = Release;
		};
/* End XCConfigurationList section */
	};
	rootObject = 7643200622535E5B00760A6E /* Project object */;
}
